
Microsoft Visual Studio Solution File, Format Version 12.00
# Visual Studio Version 18
VisualStudioVersion = 18.2.11415.280 d18.0
MinimumVisualStudioVersion = 10.0.40219.1
Project("{FAE04EC0-301F-11D3-BF4B-00C04F79EFBC}") = "RailcarTrips", "RailcarTrips\RailcarTrips.csproj", "{1C466949-E685-4D94-B17D-EA0BE521541C}"
EndProject
Global
	GlobalSection(SolutionConfigurationPlatforms) = preSolution
		Debug|Any CPU = Debug|Any CPU
		Release|Any CPU = Release|Any CPU
	EndGlobalSection
	GlobalSection(ProjectConfigurationPlatforms) = postSolution
		{1C466949-E685-4D94-B17D-EA0BE521541C}.Debug|Any CPU.ActiveCfg = Debug|Any CPU
		{1C466949-E685-4D94-B17D-EA0BE521541C}.Debug|Any CPU.Build.0 = Debug|Any CPU
		{1C466949-E685-4D94-B17D-EA0BE521541C}.Release|Any CPU.ActiveCfg = Release|Any CPU
		{1C466949-E685-4D94-B17D-EA0BE521541C}.Release|Any CPU.Build.0 = Release|Any CPU
	EndGlobalSection
	GlobalSection(SolutionProperties) = preSolution
		HideSolutionNode = FALSE
	EndGlobalSection
	GlobalSection(ExtensibilityGlobals) = postSolution
		SolutionGuid = {5C81F13C-9230-4449-9975-7AF7B5640AFE}
	EndGlobalSection
EndGlobal
